// !$*UTF8*$!
{
	archiveVersion = 1;
	classes = {
	};
	objectVersion = 56;
	objects = {

/* Begin PBXBuildFile section */
		84EEC9A12C74B4F700057206 /* AppDelegate.swift in Sources */ = {isa = PBXBuildFile; fileRef = 84EEC9A02C74B4F700057206 /* AppDelegate.swift */; };
		84EEC9A32C74B4F700057206 /* SceneDelegate.swift in Sources */ = {isa = PBXBuildFile; fileRef = 84EEC9A22C74B4F700057206 /* SceneDelegate.swift */; };
		84EEC9A52C74B4F700057206 /* ViewController.swift in Sources */ = {isa = PBXBuildFile; fileRef = 84EEC9A42C74B4F700057206 /* ViewController.swift */; };
		84EEC9AA2C74B4FC00057206 /* Assets.xcassets in Resources */ = {isa = PBXBuildFile; fileRef = 84EEC9A92C74B4FC00057206 /* Assets.xcassets */; };
		84EEC9B92C74C5EA00057206 /* Hero.json in Resources */ = {isa = PBXBuildFile; fileRef = 84EEC9B82C74C5EA00057206 /* Hero.json */; };
		84EEC9BC2C74C76B00057206 /* SuperheroesEntity.swift in Sources */ = {isa = PBXBuildFile; fileRef = 84EEC9BB2C74C76B00057206 /* SuperheroesEntity.swift */; };
		84EEC9C12C75037400057206 /* SuperheroesInteractor.swift in Sources */ = {isa = PBXBuildFile; fileRef = 84EEC9C02C75037400057206 /* SuperheroesInteractor.swift */; };
		84EEC9C32C75C84100057206 /* SuperheroesPresenter.swift in Sources */ = {isa = PBXBuildFile; fileRef = 84EEC9C22C75C84100057206 /* SuperheroesPresenter.swift */; };
		84EEC9C52C75E5DD00057206 /* SuperheroesRouter.swift in Sources */ = {isa = PBXBuildFile; fileRef = 84EEC9C42C75E5DD00057206 /* SuperheroesRouter.swift */; };
		84EEC9C72C75E8B700057206 /* SuperheroesViewController.swift in Sources */ = {isa = PBXBuildFile; fileRef = 84EEC9C62C75E8B700057206 /* SuperheroesViewController.swift */; };
		84EEC9C92C760B0A00057206 /* HeroTableViewCell.swift in Sources */ = {isa = PBXBuildFile; fileRef = 84EEC9C82C760B0A00057206 /* HeroTableViewCell.swift */; };
		84EEC9CB2C760B8800057206 /* DetailViewController.swift in Sources */ = {isa = PBXBuildFile; fileRef = 84EEC9CA2C760B8800057206 /* DetailViewController.swift */; };
/* End PBXBuildFile section */

/* Begin PBXFileReference section */
		84EEC99D2C74B4F600057206 /* SuperheroesVIPER.app */ = {isa = PBXFileReference; explicitFileType = wrapper.application; includeInIndex = 0; path = SuperheroesVIPER.app; sourceTree = BUILT_PRODUCTS_DIR; };
		84EEC9A02C74B4F700057206 /* AppDelegate.swift */ = {isa = PBXFileReference; lastKnownFileType = sourcecode.swift; path = AppDelegate.swift; sourceTree = "<group>"; };
		84EEC9A22C74B4F700057206 /* SceneDelegate.swift */ = {isa = PBXFileReference; lastKnownFileType = sourcecode.swift; path = SceneDelegate.swift; sourceTree = "<group>"; };
		84EEC9A42C74B4F700057206 /* ViewController.swift */ = {isa = PBXFileReference; lastKnownFileType = sourcecode.swift; path = ViewController.swift; sourceTree = "<group>"; };
		84EEC9A92C74B4FC00057206 /* Assets.xcassets */ = {isa = PBXFileReference; lastKnownFileType = folder.assetcatalog; path = Assets.xcassets; sourceTree = "<group>"; };
		84EEC9AE2C74B4FC00057206 /* Info.plist */ = {isa = PBXFileReference; lastKnownFileType = text.plist.xml; path = Info.plist; sourceTree = "<group>"; };
		84EEC9B82C74C5EA00057206 /* Hero.json */ = {isa = PBXFileReference; fileEncoding = 4; lastKnownFileType = text.json; path = Hero.json; sourceTree = "<group>"; };
		84EEC9BB2C74C76B00057206 /* SuperheroesEntity.swift */ = {isa = PBXFileReference; lastKnownFileType = sourcecode.swift; path = SuperheroesEntity.swift; sourceTree = "<group>"; };
		84EEC9C02C75037400057206 /* SuperheroesInteractor.swift */ = {isa = PBXFileReference; lastKnownFileType = sourcecode.swift; path = SuperheroesInteractor.swift; sourceTree = "<group>"; };
		84EEC9C22C75C84100057206 /* SuperheroesPresenter.swift */ = {isa = PBXFileReference; lastKnownFileType = sourcecode.swift; path = SuperheroesPresenter.swift; sourceTree = "<group>"; };
		84EEC9C42C75E5DD00057206 /* SuperheroesRouter.swift */ = {isa = PBXFileReference; lastKnownFileType = sourcecode.swift; path = SuperheroesRouter.swift; sourceTree = "<group>"; };
		84EEC9C62C75E8B700057206 /* SuperheroesViewController.swift */ = {isa = PBXFileReference; lastKnownFileType = sourcecode.swift; path = SuperheroesViewController.swift; sourceTree = "<group>"; };
		84EEC9C82C760B0A00057206 /* HeroTableViewCell.swift */ = {isa = PBXFileReference; lastKnownFileType = sourcecode.swift; path = HeroTableViewCell.swift; sourceTree = "<group>"; };
		84EEC9CA2C760B8800057206 /* DetailViewController.swift */ = {isa = PBXFileReference; lastKnownFileType = sourcecode.swift; path = DetailViewController.swift; sourceTree = "<group>"; };
/* End PBXFileReference section */

/* Begin PBXFrameworksBuildPhase section */
		84EEC99A2C74B4F600057206 /* Frameworks */ = {
			isa = PBXFrameworksBuildPhase;
			buildActionMask = 2147483647;
			files = (
			);
			runOnlyForDeploymentPostprocessing = 0;
		};
/* End PBXFrameworksBuildPhase section */

/* Begin PBXGroup section */
		84EEC9942C74B4F600057206 = {
			isa = PBXGroup;
			children = (
				84EEC99F2C74B4F600057206 /* SuperheroesVIPER */,
				84EEC99E2C74B4F600057206 /* Products */,
			);
			sourceTree = "<group>";
		};
		84EEC99E2C74B4F600057206 /* Products */ = {
			isa = PBXGroup;
			children = (
				84EEC99D2C74B4F600057206 /* SuperheroesVIPER.app */,
			);
			name = Products;
			sourceTree = "<group>";
		};
		84EEC99F2C74B4F600057206 /* SuperheroesVIPER */ = {
			isa = PBXGroup;
			children = (
				84EEC9C22C75C84100057206 /* SuperheroesPresenter.swift */,
				84EEC9C02C75037400057206 /* SuperheroesInteractor.swift */,
				84EEC9B72C74C55800057206 /* Resources */,
				84EEC9A02C74B4F700057206 /* AppDelegate.swift */,
				84EEC9A22C74B4F700057206 /* SceneDelegate.swift */,
				84EEC9A42C74B4F700057206 /* ViewController.swift */,
				84EEC9A92C74B4FC00057206 /* Assets.xcassets */,
				84EEC9AE2C74B4FC00057206 /* Info.plist */,
				84EEC9BB2C74C76B00057206 /* SuperheroesEntity.swift */,
				84EEC9C42C75E5DD00057206 /* SuperheroesRouter.swift */,
				84EEC9C62C75E8B700057206 /* SuperheroesViewController.swift */,
				84EEC9C82C760B0A00057206 /* HeroTableViewCell.swift */,
				84EEC9CA2C760B8800057206 /* DetailViewController.swift */,
			);
			path = SuperheroesVIPER;
			sourceTree = "<group>";
		};
		84EEC9B72C74C55800057206 /* Resources */ = {
			isa = PBXGroup;
			children = (
				84EEC9B82C74C5EA00057206 /* Hero.json */,
			);
			path = Resources;
			sourceTree = "<group>";
		};
/* End PBXGroup section */

/* Begin PBXNativeTarget section */
		84EEC99C2C74B4F600057206 /* SuperheroesVIPER */ = {
			isa = PBXNativeTarget;
			buildConfigurationList = 84EEC9B12C74B4FC00057206 /* Build configuration list for PBXNativeTarget "SuperheroesVIPER" */;
			buildPhases = (
				84EEC9992C74B4F600057206 /* Sources */,
				84EEC99A2C74B4F600057206 /* Frameworks */,
				84EEC99B2C74B4F600057206 /* Resources */,
			);
			buildRules = (
			);
			dependencies = (
			);
			name = SuperheroesVIPER;
			productName = SuperheroesVIPER;
			productReference = 84EEC99D2C74B4F600057206 /* SuperheroesVIPER.app */;
			productType = "com.apple.product-type.application";
		};
/* End PBXNativeTarget section */

/* Begin PBXProject section */
		84EEC9952C74B4F600057206 /* Project object */ = {
			isa = PBXProject;
			attributes = {
				BuildIndependentTargetsInParallel = 1;
				LastSwiftUpdateCheck = 1430;
				LastUpgradeCheck = 1430;
				TargetAttributes = {
					84EEC99C2C74B4F600057206 = {
						CreatedOnToolsVersion = 14.3.1;
					};
				};
			};
			buildConfigurationList = 84EEC9982C74B4F600057206 /* Build configuration list for PBXProject "SuperheroesVIPER" */;
			compatibilityVersion = "Xcode 14.0";
			developmentRegion = en;
			hasScannedForEncodings = 0;
			knownRegions = (
				en,
				Base,
			);
			mainGroup = 84EEC9942C74B4F600057206;
			productRefGroup = 84EEC99E2C74B4F600057206 /* Products */;
			projectDirPath = "";
			projectRoot = "";
			targets = (
				84EEC99C2C74B4F600057206 /* SuperheroesVIPER */,
			);
		};
/* End PBXProject section */

/* Begin PBXResourcesBuildPhase section */
		84EEC99B2C74B4F600057206 /* Resources */ = {
			isa = PBXResourcesBuildPhase;
			buildActionMask = 2147483647;
			files = (
				84EEC9AA2C74B4FC00057206 /* Assets.xcassets in Resources */,
				84EEC9B92C74C5EA00057206 /* Hero.json in Resources */,
			);
			runOnlyForDeploymentPostprocessing = 0;
		};
/* End PBXResourcesBuildPhase section */

/* Begin PBXSourcesBuildPhase section */
		84EEC9992C74B4F600057206 /* Sources */ = {
			isa = PBXSourcesBuildPhase;
			buildActionMask = 2147483647;
			files = (
				84EEC9C52C75E5DD00057206 /* SuperheroesRouter.swift in Sources */,
				84EEC9C12C75037400057206 /* SuperheroesInteractor.swift in Sources */,
				84EEC9A52C74B4F700057206 /* ViewController.swift in Sources */,
				84EEC9C32C75C84100057206 /* SuperheroesPresenter.swift in Sources */,
				84EEC9C92C760B0A00057206 /* HeroTableViewCell.swift in Sources */,
				84EEC9A12C74B4F700057206 /* AppDelegate.swift in Sources */,
				84EEC9A32C74B4F700057206 /* SceneDelegate.swift in Sources */,
				84EEC9CB2C760B8800057206 /* DetailViewController.swift in Sources */,
				84EEC9C72C75E8B700057206 /* SuperheroesViewController.swift in Sources */,
				84EEC9BC2C74C76B00057206 /* SuperheroesEntity.swift in Sources */,
			);
			runOnlyForDeploymentPostprocessing = 0;
		};
/* End PBXSourcesBuildPhase section */

/* Begin XCBuildConfiguration section */
		84EEC9AF2C74B4FC00057206 /* Debug */ = {
			isa = XCBuildConfiguration;
			buildSettings = {
				ALWAYS_SEARCH_USER_PATHS = NO;
				CLANG_ANALYZER_NONNULL = YES;
				CLANG_ANALYZER_NUMBER_OBJECT_CONVERSION = YES_AGGRESSIVE;
				CLANG_CXX_LANGUAGE_STANDARD = "gnu++20";
				CLANG_ENABLE_MODULES = YES;
				CLANG_ENABLE_OBJC_ARC = YES;
				CLANG_ENABLE_OBJC_WEAK = YES;
				CLANG_WARN_BLOCK_CAPTURE_AUTORELEASING = YES;
				CLANG_WARN_BOOL_CONVERSION = YES;
				CLANG_WARN_COMMA = YES;
				CLANG_WARN_CONSTANT_CONVERSION = YES;
				CLANG_WARN_DEPRECATED_OBJC_IMPLEMENTATIONS = YES;
				CLANG_WARN_DIRECT_OBJC_ISA_USAGE = YES_ERROR;
				CLANG_WARN_DOCUMENTATION_COMMENTS = YES;
				CLANG_WARN_EMPTY_BODY = YES;
				CLANG_WARN_ENUM_CONVERSION = YES;
				CLANG_WARN_INFINITE_RECURSION = YES;
				CLANG_WARN_INT_CONVERSION = YES;
				CLANG_WARN_NON_LITERAL_NULL_CONVERSION = YES;
				CLANG_WARN_OBJC_IMPLICIT_RETAIN_SELF = YES;
				CLANG_WARN_OBJC_LITERAL_CONVERSION = YES;
				CLANG_WARN_OBJC_ROOT_CLASS = YES_ERROR;
				CLANG_WARN_QUOTED_INCLUDE_IN_FRAMEWORK_HEADER = YES;
				CLANG_WARN_RANGE_LOOP_ANALYSIS = YES;
				CLANG_WARN_STRICT_PROTOTYPES = YES;
				CLANG_WARN_SUSPICIOUS_MOVE = YES;
				CLANG_WARN_UNGUARDED_AVAILABILITY = YES_AGGRESSIVE;
				CLANG_WARN_UNREACHABLE_CODE = YES;
				CLANG_WARN__DUPLICATE_METHOD_MATCH = YES;
				COPY_PHASE_STRIP = NO;
				DEBUG_INFORMATION_FORMAT = dwarf;
				ENABLE_STRICT_OBJC_MSGSEND = YES;
				ENABLE_TESTABILITY = YES;
				GCC_C_LANGUAGE_STANDARD = gnu11;
				GCC_DYNAMIC_NO_PIC = NO;
				GCC_NO_COMMON_BLOCKS = YES;
				GCC_OPTIMIZATION_LEVEL = 0;
				GCC_PREPROCESSOR_DEFINITIONS = (
					"DEBUG=1",
					"$(inherited)",
				);
				GCC_WARN_64_TO_32_BIT_CONVERSION = YES;
				GCC_WARN_ABOUT_RETURN_TYPE = YES_ERROR;
				GCC_WARN_UNDECLARED_SELECTOR = YES;
				GCC_WARN_UNINITIALIZED_AUTOS = YES_AGGRESSIVE;
				GCC_WARN_UNUSED_FUNCTION = YES;
				GCC_WARN_UNUSED_VARIABLE = YES;
				IPHONEOS_DEPLOYMENT_TARGET = 16.4;
				MTL_ENABLE_DEBUG_INFO = INCLUDE_SOURCE;
				MTL_FAST_MATH = YES;
				ONLY_ACTIVE_ARCH = YES;
				SDKROOT = iphoneos;
				SWIFT_ACTIVE_COMPILATION_CONDITIONS = DEBUG;
				SWIFT_OPTIMIZATION_LEVEL = "-Onone";
			};
			name = Debug;
		};
		84EEC9B02C74B4FC00057206 /* Release */ = {
			isa = XCBuildConfiguration;
			buildSettings = {
				ALWAYS_SEARCH_USER_PATHS = NO;
				CLANG_ANALYZER_NONNULL = YES;
				CLANG_ANALYZER_NUMBER_OBJECT_CONVERSION = YES_AGGRESSIVE;
				CLANG_CXX_LANGUAGE_STANDARD = "gnu++20";
				CLANG_ENABLE_MODULES = YES;
				CLANG_ENABLE_OBJC_ARC = YES;
				CLANG_ENABLE_OBJC_WEAK = YES;
				CLANG_WARN_BLOCK_CAPTURE_AUTORELEASING = YES;
				CLANG_WARN_BOOL_CONVERSION = YES;
				CLANG_WARN_COMMA = YES;
				CLANG_WARN_CONSTANT_CONVERSION = YES;
				CLANG_WARN_DEPRECATED_OBJC_IMPLEMENTATIONS = YES;
				CLANG_WARN_DIRECT_OBJC_ISA_USAGE = YES_ERROR;
				CLANG_WARN_DOCUMENTATION_COMMENTS = YES;
				CLANG_WARN_EMPTY_BODY = YES;
				CLANG_WARN_ENUM_CONVERSION = YES;
				CLANG_WARN_INFINITE_RECURSION = YES;
				CLANG_WARN_INT_CONVERSION = YES;
				CLANG_WARN_NON_LITERAL_NULL_CONVERSION = YES;
				CLANG_WARN_OBJC_IMPLICIT_RETAIN_SELF = YES;
				CLANG_WARN_OBJC_LITERAL_CONVERSION = YES;
				CLANG_WARN_OBJC_ROOT_CLASS = YES_ERROR;
				CLANG_WARN_QUOTED_INCLUDE_IN_FRAMEWORK_HEADER = YES;
				CLANG_WARN_RANGE_LOOP_ANALYSIS = YES;
				CLANG_WARN_STRICT_PROTOTYPES = YES;
				CLANG_WARN_SUSPICIOUS_MOVE = YES;
				CLANG_WARN_UNGUARDED_AVAILABILITY = YES_AGGRESSIVE;
				CLANG_WARN_UNREACHABLE_CODE = YES;
				CLANG_WARN__DUPLICATE_METHOD_MATCH = YES;
				COPY_PHASE_STRIP = NO;
				DEBUG_INFORMATION_FORMAT = "dwarf-with-dsym";
				ENABLE_NS_ASSERTIONS = NO;
				ENABLE_STRICT_OBJC_MSGSEND = YES;
				GCC_C_LANGUAGE_STANDARD = gnu11;
				GCC_NO_COMMON_BLOCKS = YES;
				GCC_WARN_64_TO_32_BIT_CONVERSION = YES;
				GCC_WARN_ABOUT_RETURN_TYPE = YES_ERROR;
				GCC_WARN_UNDECLARED_SELECTOR = YES;
				GCC_WARN_UNINITIALIZED_AUTOS = YES_AGGRESSIVE;
				GCC_WARN_UNUSED_FUNCTION = YES;
				GCC_WARN_UNUSED_VARIABLE = YES;
				IPHONEOS_DEPLOYMENT_TARGET = 16.4;
				MTL_ENABLE_DEBUG_INFO = NO;
				MTL_FAST_MATH = YES;
				SDKROOT = iphoneos;
				SWIFT_COMPILATION_MODE = wholemodule;
				SWIFT_OPTIMIZATION_LEVEL = "-O";
				VALIDATE_PRODUCT = YES;
			};
			name = Release;
		};
		84EEC9B22C74B4FC00057206 /* Debug */ = {
			isa = XCBuildConfiguration;
			buildSettings = {
				ASSETCATALOG_COMPILER_APPICON_NAME = AppIcon;
				ASSETCATALOG_COMPILER_GLOBAL_ACCENT_COLOR_NAME = AccentColor;
				CODE_SIGN_STYLE = Automatic;
				CURRENT_PROJECT_VERSION = 1;
				GENERATE_INFOPLIST_FILE = YES;
				INFOPLIST_FILE = SuperheroesVIPER/Info.plist;
				INFOPLIST_KEY_UIApplicationSupportsIndirectInputEvents = YES;
				INFOPLIST_KEY_UILaunchStoryboardName = LaunchScreen;
				INFOPLIST_KEY_UIMainStoryboardFile = "";
				INFOPLIST_KEY_UISupportedInterfaceOrientations = UIInterfaceOrientationPortrait;
				INFOPLIST_KEY_UISupportedInterfaceOrientations_iPad = "UIInterfaceOrientationLandscapeLeft UIInterfaceOrientationLandscapeRight UIInterfaceOrientationPortrait UIInterfaceOrientationPortraitUpsideDown";
				LD_RUNPATH_SEARCH_PATHS = (
					"$(inherited)",
					"@executable_path/Frameworks",
				);
				MARKETING_VERSION = 1.0;
				PRODUCT_BUNDLE_IDENTIFIER = Disa.SuperheroesVIPER;
				PRODUCT_NAME = "$(TARGET_NAME)";
				SWIFT_EMIT_LOC_STRINGS = YES;
				SWIFT_VERSION = 5.0;
				TARGETED_DEVICE_FAMILY = "1,2";
			};
			name = Debug;
		};
		84EEC9B32C74B4FC00057206 /* Release */ = {
			isa = XCBuildConfiguration;
			buildSettings = {
				ASSETCATALOG_COMPILER_APPICON_NAME = AppIcon;
				ASSETCATALOG_COMPILER_GLOBAL_ACCENT_COLOR_NAME = AccentColor;
				CODE_SIGN_STYLE = Automatic;
				CURRENT_PROJECT_VERSION = 1;
				GENERATE_INFOPLIST_FILE = YES;
				INFOPLIST_FILE = SuperheroesVIPER/Info.plist;
				INFOPLIST_KEY_UIApplicationSupportsIndirectInputEvents = YES;
				INFOPLIST_KEY_UILaunchStoryboardName = LaunchScreen;
				INFOPLIST_KEY_UIMainStoryboardFile = "";
				INFOPLIST_KEY_UISupportedInterfaceOrientations = UIInterfaceOrientationPortrait;
				INFOPLIST_KEY_UISupportedInterfaceOrientations_iPad = "UIInterfaceOrientationLandscapeLeft UIInterfaceOrientationLandscapeRight UIInterfaceOrientationPortrait UIInterfaceOrientationPortraitUpsideDown";
				LD_RUNPATH_SEARCH_PATHS = (
					"$(inherited)",
					"@executable_path/Frameworks",
				);
				MARKETING_VERSION = 1.0;
				PRODUCT_BUNDLE_IDENTIFIER = Disa.SuperheroesVIPER;
				PRODUCT_NAME = "$(TARGET_NAME)";
				SWIFT_EMIT_LOC_STRINGS = YES;
				SWIFT_VERSION = 5.0;
				TARGETED_DEVICE_FAMILY = "1,2";
			};
			name = Release;
		};
/* End XCBuildConfiguration section */

/* Begin XCConfigurationList section */
		84EEC9982C74B4F600057206 /* Build configuration list for PBXProject "SuperheroesVIPER" */ = {
			isa = XCConfigurationList;
			buildConfigurations = (
				84EEC9AF2C74B4FC00057206 /* Debug */,
				84EEC9B02C74B4FC00057206 /* Release */,
			);
			defaultConfigurationIsVisible = 0;
			defaultConfigurationName = Release;
		};
		84EEC9B12C74B4FC00057206 /* Build configuration list for PBXNativeTarget "SuperheroesVIPER" */ = {
			isa = XCConfigurationList;
			buildConfigurations = (
				84EEC9B22C74B4FC00057206 /* Debug */,
				84EEC9B32C74B4FC00057206 /* Release */,
			);
			defaultConfigurationIsVisible = 0;
			defaultConfigurationName = Release;
		};
/* End XCConfigurationList section */
	};
	rootObject = 84EEC9952C74B4F600057206 /* Project object */;
}
